
Microsoft Visual Studio Solution File, Format Version 12.00
# Visual Studio Version 16
VisualStudioVersion = 16.0.31624.102
MinimumVisualStudioVersion = 10.0.40219.1
Project("{FAE04EC0-301F-11D3-BF4B-00C04F79EFBC}") = "HttpServer", "HttpServer\HttpServer.csproj", "{621BDD3B-B42E-4DA9-99AA-7557B48F9037}"
EndProject
Global
	GlobalSection(SolutionConfigurationPlatforms) = preSolution
		Debug|Any CPU = Debug|Any CPU
		Release|Any CPU = Release|Any CPU
	EndGlobalSection
	GlobalSection(ProjectConfigurationPlatforms) = postSolution
		{621BDD3B-B42E-4DA9-99AA-7557B48F9037}.Debug|Any CPU.ActiveCfg = Debug|Any CPU
		{621BDD3B-B42E-4DA9-99AA-7557B48F9037}.Debug|Any CPU.Build.0 = Debug|Any CPU
		{621BDD3B-B42E-4DA9-99AA-7557B48F9037}.Release|Any CPU.ActiveCfg = Release|Any CPU
		{621BDD3B-B42E-4DA9-99AA-7557B48F9037}.Release|Any CPU.Build.0 = Release|Any CPU
	EndGlobalSection
	GlobalSection(SolutionProperties) = preSolution
		HideSolutionNode = FALSE
	EndGlobalSection
	GlobalSection(ExtensibilityGlobals) = postSolution
		SolutionGuid = {E7992F76-D424-4AED-87C6-08DB2823145F}
	EndGlobalSection
EndGlobal
